// !$*UTF8*$!
{
	archiveVersion = 1;
	classes = {
	};
	objectVersion = 46;
	objects = {

/* Begin PBXBuildFile section */
		81D556AB1E9E18730035FB70 /* main.m in Sources */ = {isa = PBXBuildFile; fileRef = 81D556AA1E9E18730035FB70 /* main.m */; };
		81D556AE1E9E18730035FB70 /* AppDelegate.m in Sources */ = {isa = PBXBuildFile; fileRef = 81D556AD1E9E18730035FB70 /* AppDelegate.m */; };
		81D556B11E9E18730035FB70 /* ViewController.m in Sources */ = {isa = PBXBuildFile; fileRef = 81D556B01E9E18730035FB70 /* ViewController.m */; };
		81D556B41E9E18730035FB70 /* Main.storyboard in Resources */ = {isa = PBXBuildFile; fileRef = 81D556B21E9E18730035FB70 /* Main.storyboard */; };
		81D556B61E9E18730035FB70 /* Assets.xcassets in Resources */ = {isa = PBXBuildFile; fileRef = 81D556B51E9E18730035FB70 /* Assets.xcassets */; };
		81D556B91E9E18730035FB70 /* LaunchScreen.storyboard in Resources */ = {isa = PBXBuildFile; fileRef = 81D556B71E9E18730035FB70 /* LaunchScreen.storyboard */; };
		81D556C41E9E18740035FB70 /* runtimeTests.m in Sources */ = {isa = PBXBuildFile; fileRef = 81D556C31E9E18740035FB70 /* runtimeTests.m */; };
		81D556CF1E9E18740035FB70 /* runtimeUITests.m in Sources */ = {isa = PBXBuildFile; fileRef = 81D556CE1E9E18740035FB70 /* runtimeUITests.m */; };
/* End PBXBuildFile section */

/* Begin PBXContainerItemProxy section */
		81D556C01E9E18730035FB70 /* PBXContainerItemProxy */ = {
			isa = PBXContainerItemProxy;
			containerPortal = 81D5569E1E9E18730035FB70 /* Project object */;
			proxyType = 1;
			remoteGlobalIDString = 81D556A51E9E18730035FB70;
			remoteInfo = runtime;
		};
		81D556CB1E9E18740035FB70 /* PBXContainerItemProxy */ = {
			isa = PBXContainerItemProxy;
			containerPortal = 81D5569E1E9E18730035FB70 /* Project object */;
			proxyType = 1;
			remoteGlobalIDString = 81D556A51E9E18730035FB70;
			remoteInfo = runtime;
		};
/* End PBXContainerItemProxy section */

/* Begin PBXFileReference section */
		81D556A61E9E18730035FB70 /* runtime.app */ = {isa = PBXFileReference; explicitFileType = wrapper.application; includeInIndex = 0; path = runtime.app; sourceTree = BUILT_PRODUCTS_DIR; };
		81D556AA1E9E18730035FB70 /* main.m */ = {isa = PBXFileReference; lastKnownFileType = sourcecode.c.objc; path = main.m; sourceTree = "<group>"; };
		81D556AC1E9E18730035FB70 /* AppDelegate.h */ = {isa = PBXFileReference; lastKnownFileType = sourcecode.c.h; path = AppDelegate.h; sourceTree = "<group>"; };
		81D556AD1E9E18730035FB70 /* AppDelegate.m */ = {isa = PBXFileReference; lastKnownFileType = sourcecode.c.objc; path = AppDelegate.m; sourceTree = "<group>"; };
		81D556AF1E9E18730035FB70 /* ViewController.h */ = {isa = PBXFileReference; lastKnownFileType = sourcecode.c.h; path = ViewController.h; sourceTree = "<group>"; };
		81D556B01E9E18730035FB70 /* ViewController.m */ = {isa = PBXFileReference; lastKnownFileType = sourcecode.c.objc; path = ViewController.m; sourceTree = "<group>"; };
		81D556B31E9E18730035FB70 /* Base */ = {isa = PBXFileReference; lastKnownFileType = file.storyboard; name = Base; path = Base.lproj/Main.storyboard; sourceTree = "<group>"; };
		81D556B51E9E18730035FB70 /* Assets.xcassets */ = {isa = PBXFileReference; lastKnownFileType = folder.assetcatalog; path = Assets.xcassets; sourceTree = "<group>"; };
		81D556B81E9E18730035FB70 /* Base */ = {isa = PBXFileReference; lastKnownFileType = file.storyboard; name = Base; path = Base.lproj/LaunchScreen.storyboard; sourceTree = "<group>"; };
		81D556BA1E9E18730035FB70 /* Info.plist */ = {isa = PBXFileReference; lastKnownFileType = text.plist.xml; path = Info.plist; sourceTree = "<group>"; };
		81D556BF1E9E18730035FB70 /* runtimeTests.xctest */ = {isa = PBXFileReference; explicitFileType = wrapper.cfbundle; includeInIndex = 0; path = runtimeTests.xctest; sourceTree = BUILT_PRODUCTS_DIR; };
		81D556C31E9E18740035FB70 /* runtimeTests.m */ = {isa = PBXFileReference; lastKnownFileType = sourcecode.c.objc; path = runtimeTests.m; sourceTree = "<group>"; };
		81D556C51E9E18740035FB70 /* Info.plist */ = {isa = PBXFileReference; lastKnownFileType = text.plist.xml; path = Info.plist; sourceTree = "<group>"; };
		81D556CA1E9E18740035FB70 /* runtimeUITests.xctest */ = {isa = PBXFileReference; explicitFileType = wrapper.cfbundle; includeInIndex = 0; path = runtimeUITests.xctest; sourceTree = BUILT_PRODUCTS_DIR; };
		81D556CE1E9E18740035FB70 /* runtimeUITests.m */ = {isa = PBXFileReference; lastKnownFileType = sourcecode.c.objc; path = runtimeUITests.m; sourceTree = "<group>"; };
		81D556D01E9E18740035FB70 /* Info.plist */ = {isa = PBXFileReference; lastKnownFileType = text.plist.xml; path = Info.plist; sourceTree = "<group>"; };
/* End PBXFileReference section */

/* Begin PBXFrameworksBuildPhase section */
		81D556A31E9E18730035FB70 /* Frameworks */ = {
			isa = PBXFrameworksBuildPhase;
			buildActionMask = 2147483647;
			files = (
			);
			runOnlyForDeploymentPostprocessing = 0;
		};
		81D556BC1E9E18730035FB70 /* Frameworks */ = {
			isa = PBXFrameworksBuildPhase;
			buildActionMask = 2147483647;
			files = (
			);
			runOnlyForDeploymentPostprocessing = 0;
		};
		81D556C71E9E18740035FB70 /* Frameworks */ = {
			isa = PBXFrameworksBuildPhase;
			buildActionMask = 2147483647;
			files = (
			);
			runOnlyForDeploymentPostprocessing = 0;
		};
/* End PBXFrameworksBuildPhase section */

/* Begin PBXGroup section */
		81D5569D1E9E18730035FB70 = {
			isa = PBXGroup;
			children = (
				81D556A81E9E18730035FB70 /* runtime */,
				81D556C21E9E18740035FB70 /* runtimeTests */,
				81D556CD1E9E18740035FB70 /* runtimeUITests */,
				81D556A71E9E18730035FB70 /* Products */,
			);
			sourceTree = "<group>";
		};
		81D556A71E9E18730035FB70 /* Products */ = {
			isa = PBXGroup;
			children = (
				81D556A61E9E18730035FB70 /* runtime.app */,
				81D556BF1E9E18730035FB70 /* runtimeTests.xctest */,
				81D556CA1E9E18740035FB70 /* runtimeUITests.xctest */,
			);
			name = Products;
			sourceTree = "<group>";
		};
		81D556A81E9E18730035FB70 /* runtime */ = {
			isa = PBXGroup;
			children = (
				81D556AC1E9E18730035FB70 /* AppDelegate.h */,
				81D556AD1E9E18730035FB70 /* AppDelegate.m */,
				81D556AF1E9E18730035FB70 /* ViewController.h */,
				81D556B01E9E18730035FB70 /* ViewController.m */,
				81D556B21E9E18730035FB70 /* Main.storyboard */,
				81D556B51E9E18730035FB70 /* Assets.xcassets */,
				81D556B71E9E18730035FB70 /* LaunchScreen.storyboard */,
				81D556BA1E9E18730035FB70 /* Info.plist */,
				81D556A91E9E18730035FB70 /* Supporting Files */,
			);
			path = runtime;
			sourceTree = "<group>";
		};
		81D556A91E9E18730035FB70 /* Supporting Files */ = {
			isa = PBXGroup;
			children = (
				81D556AA1E9E18730035FB70 /* main.m */,
			);
			name = "Supporting Files";
			sourceTree = "<group>";
		};
		81D556C21E9E18740035FB70 /* runtimeTests */ = {
			isa = PBXGroup;
			children = (
				81D556C31E9E18740035FB70 /* runtimeTests.m */,
				81D556C51E9E18740035FB70 /* Info.plist */,
			);
			path = runtimeTests;
			sourceTree = "<group>";
		};
		81D556CD1E9E18740035FB70 /* runtimeUITests */ = {
			isa = PBXGroup;
			children = (
				81D556CE1E9E18740035FB70 /* runtimeUITests.m */,
				81D556D01E9E18740035FB70 /* Info.plist */,
			);
			path = runtimeUITests;
			sourceTree = "<group>";
		};
/* End PBXGroup section */

/* Begin PBXNativeTarget section */
		81D556A51E9E18730035FB70 /* runtime */ = {
			isa = PBXNativeTarget;
			buildConfigurationList = 81D556D31E9E18740035FB70 /* Build configuration list for PBXNativeTarget "runtime" */;
			buildPhases = (
				81D556A21E9E18730035FB70 /* Sources */,
				81D556A31E9E18730035FB70 /* Frameworks */,
				81D556A41E9E18730035FB70 /* Resources */,
			);
			buildRules = (
			);
			dependencies = (
			);
			name = runtime;
			productName = runtime;
			productReference = 81D556A61E9E18730035FB70 /* runtime.app */;
			productType = "com.apple.product-type.application";
		};
		81D556BE1E9E18730035FB70 /* runtimeTests */ = {
			isa = PBXNativeTarget;
			buildConfigurationList = 81D556D61E9E18740035FB70 /* Build configuration list for PBXNativeTarget "runtimeTests" */;
			buildPhases = (
				81D556BB1E9E18730035FB70 /* Sources */,
				81D556BC1E9E18730035FB70 /* Frameworks */,
				81D556BD1E9E18730035FB70 /* Resources */,
			);
			buildRules = (
			);
			dependencies = (
				81D556C11E9E18730035FB70 /* PBXTargetDependency */,
			);
			name = runtimeTests;
			productName = runtimeTests;
			productReference = 81D556BF1E9E18730035FB70 /* runtimeTests.xctest */;
			productType = "com.apple.product-type.bundle.unit-test";
		};
		81D556C91E9E18740035FB70 /* runtimeUITests */ = {
			isa = PBXNativeTarget;
			buildConfigurationList = 81D556D91E9E18740035FB70 /* Build configuration list for PBXNativeTarget "runtimeUITests" */;
			buildPhases = (
				81D556C61E9E18740035FB70 /* Sources */,
				81D556C71E9E18740035FB70 /* Frameworks */,
				81D556C81E9E18740035FB70 /* Resources */,
			);
			buildRules = (
			);
			dependencies = (
				81D556CC1E9E18740035FB70 /* PBXTargetDependency */,
			);
			name = runtimeUITests;
			productName = runtimeUITests;
			productReference = 81D556CA1E9E18740035FB70 /* runtimeUITests.xctest */;
			productType = "com.apple.product-type.bundle.ui-testing";
		};
/* End PBXNativeTarget section */

/* Begin PBXProject section */
		81D5569E1E9E18730035FB70 /* Project object */ = {
			isa = PBXProject;
			attributes = {
				LastUpgradeCheck = 0830;
				ORGANIZATIONNAME = "杨崇健";
				TargetAttributes = {
					81D556A51E9E18730035FB70 = {
						CreatedOnToolsVersion = 8.3.1;
						ProvisioningStyle = Automatic;
					};
					81D556BE1E9E18730035FB70 = {
						CreatedOnToolsVersion = 8.3.1;
						ProvisioningStyle = Automatic;
						TestTargetID = 81D556A51E9E18730035FB70;
					};
					81D556C91E9E18740035FB70 = {
						CreatedOnToolsVersion = 8.3.1;
						ProvisioningStyle = Automatic;
						TestTargetID = 81D556A51E9E18730035FB70;
					};
				};
			};
			buildConfigurationList = 81D556A11E9E18730035FB70 /* Build configuration list for PBXProject "runtime" */;
			compatibilityVersion = "Xcode 3.2";
			developmentRegion = English;
			hasScannedForEncodings = 0;
			knownRegions = (
				en,
				Base,
			);
			mainGroup = 81D5569D1E9E18730035FB70;
			productRefGroup = 81D556A71E9E18730035FB70 /* Products */;
			projectDirPath = "";
			projectRoot = "";
			targets = (
				81D556A51E9E18730035FB70 /* runtime */,
				81D556BE1E9E18730035FB70 /* runtimeTests */,
				81D556C91E9E18740035FB70 /* runtimeUITests */,
			);
		};
/* End PBXProject section */

/* Begin PBXResourcesBuildPhase section */
		81D556A41E9E18730035FB70 /* Resources */ = {
			isa = PBXResourcesBuildPhase;
			buildActionMask = 2147483647;
			files = (
				81D556B91E9E18730035FB70 /* LaunchScreen.storyboard in Resources */,
				81D556B61E9E18730035FB70 /* Assets.xcassets in Resources */,
				81D556B41E9E18730035FB70 /* Main.storyboard in Resources */,
			);
			runOnlyForDeploymentPostprocessing = 0;
		};
		81D556BD1E9E18730035FB70 /* Resources */ = {
			isa = PBXResourcesBuildPhase;
			buildActionMask = 2147483647;
			files = (
			);
			runOnlyForDeploymentPostprocessing = 0;
		};
		81D556C81E9E18740035FB70 /* Resources */ = {
			isa = PBXResourcesBuildPhase;
			buildActionMask = 2147483647;
			files = (
			);
			runOnlyForDeploymentPostprocessing = 0;
		};
/* End PBXResourcesBuildPhase section */

/* Begin PBXSourcesBuildPhase section */
		81D556A21E9E18730035FB70 /* Sources */ = {
			isa = PBXSourcesBuildPhase;
			buildActionMask = 2147483647;
			files = (
				81D556B11E9E18730035FB70 /* ViewController.m in Sources */,
				81D556AE1E9E18730035FB70 /* AppDelegate.m in Sources */,
				81D556AB1E9E18730035FB70 /* main.m in Sources */,
			);
			runOnlyForDeploymentPostprocessing = 0;
		};
		81D556BB1E9E18730035FB70 /* Sources */ = {
			isa = PBXSourcesBuildPhase;
			buildActionMask = 2147483647;
			files = (
				81D556C41E9E18740035FB70 /* runtimeTests.m in Sources */,
			);
			runOnlyForDeploymentPostprocessing = 0;
		};
		81D556C61E9E18740035FB70 /* Sources */ = {
			isa = PBXSourcesBuildPhase;
			buildActionMask = 2147483647;
			files = (
				81D556CF1E9E18740035FB70 /* runtimeUITests.m in Sources */,
			);
			runOnlyForDeploymentPostprocessing = 0;
		};
/* End PBXSourcesBuildPhase section */

/* Begin PBXTargetDependency section */
		81D556C11E9E18730035FB70 /* PBXTargetDependency */ = {
			isa = PBXTargetDependency;
			target = 81D556A51E9E18730035FB70 /* runtime */;
			targetProxy = 81D556C01E9E18730035FB70 /* PBXContainerItemProxy */;
		};
		81D556CC1E9E18740035FB70 /* PBXTargetDependency */ = {
			isa = PBXTargetDependency;
			target = 81D556A51E9E18730035FB70 /* runtime */;
			targetProxy = 81D556CB1E9E18740035FB70 /* PBXContainerItemProxy */;
		};
/* End PBXTargetDependency section */

/* Begin PBXVariantGroup section */
		81D556B21E9E18730035FB70 /* Main.storyboard */ = {
			isa = PBXVariantGroup;
			children = (
				81D556B31E9E18730035FB70 /* Base */,
			);
			name = Main.storyboard;
			sourceTree = "<group>";
		};
		81D556B71E9E18730035FB70 /* LaunchScreen.storyboard */ = {
			isa = PBXVariantGroup;
			children = (
				81D556B81E9E18730035FB70 /* Base */,
			);
			name = LaunchScreen.storyboard;
			sourceTree = "<group>";
		};
/* End PBXVariantGroup section */

/* Begin XCBuildConfiguration section */
		81D556D11E9E18740035FB70 /* Debug */ = {
			isa = XCBuildConfiguration;
			buildSettings = {
				ALWAYS_SEARCH_USER_PATHS = NO;
				CLANG_ANALYZER_NONNULL = YES;
				CLANG_ANALYZER_NUMBER_OBJECT_CONVERSION = YES_AGGRESSIVE;
				CLANG_CXX_LANGUAGE_STANDARD = "gnu++0x";
				CLANG_CXX_LIBRARY = "libc++";
				CLANG_ENABLE_MODULES = YES;
				CLANG_ENABLE_OBJC_ARC = YES;
				CLANG_WARN_BOOL_CONVERSION = YES;
				CLANG_WARN_CONSTANT_CONVERSION = YES;
				CLANG_WARN_DIRECT_OBJC_ISA_USAGE = YES_ERROR;
				CLANG_WARN_DOCUMENTATION_COMMENTS = YES;
				CLANG_WARN_EMPTY_BODY = YES;
				CLANG_WARN_ENUM_CONVERSION = YES;
				CLANG_WARN_INFINITE_RECURSION = YES;
				CLANG_WARN_INT_CONVERSION = YES;
				CLANG_WARN_OBJC_ROOT_CLASS = YES_ERROR;
				CLANG_WARN_SUSPICIOUS_MOVE = YES;
				CLANG_WARN_UNREACHABLE_CODE = YES;
				CLANG_WARN__DUPLICATE_METHOD_MATCH = YES;
				"CODE_SIGN_IDENTITY[sdk=iphoneos*]" = "iPhone Developer";
				COPY_PHASE_STRIP = NO;
				DEBUG_INFORMATION_FORMAT = dwarf;
				ENABLE_STRICT_OBJC_MSGSEND = YES;
				ENABLE_TESTABILITY = YES;
				GCC_C_LANGUAGE_STANDARD = gnu99;
				GCC_DYNAMIC_NO_PIC = NO;
				GCC_NO_COMMON_BLOCKS = YES;
				GCC_OPTIMIZATION_LEVEL = 0;
				GCC_PREPROCESSOR_DEFINITIONS = (
					"DEBUG=1",
					"$(inherited)",
				);
				GCC_WARN_64_TO_32_BIT_CONVERSION = YES;
				GCC_WARN_ABOUT_RETURN_TYPE = YES_ERROR;
				GCC_WARN_UNDECLARED_SELECTOR = YES;
				GCC_WARN_UNINITIALIZED_AUTOS = YES_AGGRESSIVE;
				GCC_WARN_UNUSED_FUNCTION = YES;
				GCC_WARN_UNUSED_VARIABLE = YES;
				IPHONEOS_DEPLOYMENT_TARGET = 10.3;
				MTL_ENABLE_DEBUG_INFO = YES;
				ONLY_ACTIVE_ARCH = YES;
				SDKROOT = iphoneos;
			};
			name = Debug;
		};
		81D556D21E9E18740035FB70 /* Release */ = {
			isa = XCBuildConfiguration;
			buildSettings = {
				ALWAYS_SEARCH_USER_PATHS = NO;
				CLANG_ANALYZER_NONNULL = YES;
				CLANG_ANALYZER_NUMBER_OBJECT_CONVERSION = YES_AGGRESSIVE;
				CLANG_CXX_LANGUAGE_STANDARD = "gnu++0x";
				CLANG_CXX_LIBRARY = "libc++";
				CLANG_ENABLE_MODULES = YES;
				CLANG_ENABLE_OBJC_ARC = YES;
				CLANG_WARN_BOOL_CONVERSION = YES;
				CLANG_WARN_CONSTANT_CONVERSION = YES;
				CLANG_WARN_DIRECT_OBJC_ISA_USAGE = YES_ERROR;
				CLANG_WARN_DOCUMENTATION_COMMENTS = YES;
				CLANG_WARN_EMPTY_BODY = YES;
				CLANG_WARN_ENUM_CONVERSION = YES;
				CLANG_WARN_INFINITE_RECURSION = YES;
				CLANG_WARN_INT_CONVERSION = YES;
				CLANG_WARN_OBJC_ROOT_CLASS = YES_ERROR;
				CLANG_WARN_SUSPICIOUS_MOVE = YES;
				CLANG_WARN_UNREACHABLE_CODE = YES;
				CLANG_WARN__DUPLICATE_METHOD_MATCH = YES;
				"CODE_SIGN_IDENTITY[sdk=iphoneos*]" = "iPhone Developer";
				COPY_PHASE_STRIP = NO;
				DEBUG_INFORMATION_FORMAT = "dwarf-with-dsym";
				ENABLE_NS_ASSERTIONS = NO;
				ENABLE_STRICT_OBJC_MSGSEND = YES;
				GCC_C_LANGUAGE_STANDARD = gnu99;
				GCC_NO_COMMON_BLOCKS = YES;
				GCC_WARN_64_TO_32_BIT_CONVERSION = YES;
				GCC_WARN_ABOUT_RETURN_TYPE = YES_ERROR;
				GCC_WARN_UNDECLARED_SELECTOR = YES;
				GCC_WARN_UNINITIALIZED_AUTOS = YES_AGGRESSIVE;
				GCC_WARN_UNUSED_FUNCTION = YES;
				GCC_WARN_UNUSED_VARIABLE = YES;
				IPHONEOS_DEPLOYMENT_TARGET = 10.3;
				MTL_ENABLE_DEBUG_INFO = NO;
				SDKROOT = iphoneos;
				VALIDATE_PRODUCT = YES;
			};
			name = Release;
		};
		81D556D41E9E18740035FB70 /* Debug */ = {
			isa = XCBuildConfiguration;
			buildSettings = {
				ASSETCATALOG_COMPILER_APPICON_NAME = AppIcon;
				INFOPLIST_FILE = runtime/Info.plist;
				LD_RUNPATH_SEARCH_PATHS = "$(inherited) @executable_path/Frameworks";
				PRODUCT_BUNDLE_IDENTIFIER = com.EYeah..runtime;
				PRODUCT_NAME = "$(TARGET_NAME)";
			};
			name = Debug;
		};
		81D556D51E9E18740035FB70 /* Release */ = {
			isa = XCBuildConfiguration;
			buildSettings = {
				ASSETCATALOG_COMPILER_APPICON_NAME = AppIcon;
				INFOPLIST_FILE = runtime/Info.plist;
				LD_RUNPATH_SEARCH_PATHS = "$(inherited) @executable_path/Frameworks";
				PRODUCT_BUNDLE_IDENTIFIER = com.EYeah..runtime;
				PRODUCT_NAME = "$(TARGET_NAME)";
			};
			name = Release;
		};
		81D556D71E9E18740035FB70 /* Debug */ = {
			isa = XCBuildConfiguration;
			buildSettings = {
				BUNDLE_LOADER = "$(TEST_HOST)";
				INFOPLIST_FILE = runtimeTests/Info.plist;
				LD_RUNPATH_SEARCH_PATHS = "$(inherited) @executable_path/Frameworks @loader_path/Frameworks";
				PRODUCT_BUNDLE_IDENTIFIER = com.EYeah..runtimeTests;
				PRODUCT_NAME = "$(TARGET_NAME)";
				TEST_HOST = "$(BUILT_PRODUCTS_DIR)/runtime.app/runtime";
			};
			name = Debug;
		};
		81D556D81E9E18740035FB70 /* Release */ = {
			isa = XCBuildConfiguration;
			buildSettings = {
				BUNDLE_LOADER = "$(TEST_HOST)";
				INFOPLIST_FILE = runtimeTests/Info.plist;
				LD_RUNPATH_SEARCH_PATHS = "$(inherited) @executable_path/Frameworks @loader_path/Frameworks";
				PRODUCT_BUNDLE_IDENTIFIER = com.EYeah..runtimeTests;
				PRODUCT_NAME = "$(TARGET_NAME)";
				TEST_HOST = "$(BUILT_PRODUCTS_DIR)/runtime.app/runtime";
			};
			name = Release;
		};
		81D556DA1E9E18740035FB70 /* Debug */ = {
			isa = XCBuildConfiguration;
			buildSettings = {
				INFOPLIST_FILE = runtimeUITests/Info.plist;
				LD_RUNPATH_SEARCH_PATHS = "$(inherited) @executable_path/Frameworks @loader_path/Frameworks";
				PRODUCT_BUNDLE_IDENTIFIER = com.EYeah..runtimeUITests;
				PRODUCT_NAME = "$(TARGET_NAME)";
				TEST_TARGET_NAME = runtime;
			};
			name = Debug;
		};
		81D556DB1E9E18740035FB70 /* Release */ = {
			isa = XCBuildConfiguration;
			buildSettings = {
				INFOPLIST_FILE = runtimeUITests/Info.plist;
				LD_RUNPATH_SEARCH_PATHS = "$(inherited) @executable_path/Frameworks @loader_path/Frameworks";
				PRODUCT_BUNDLE_IDENTIFIER = com.EYeah..runtimeUITests;
				PRODUCT_NAME = "$(TARGET_NAME)";
				TEST_TARGET_NAME = runtime;
			};
			name = Release;
		};
/* End XCBuildConfiguration section */

/* Begin XCConfigurationList section */
		81D556A11E9E18730035FB70 /* Build configuration list for PBXProject "runtime" */ = {
			isa = XCConfigurationList;
			buildConfigurations = (
				81D556D11E9E18740035FB70 /* Debug */,
				81D556D21E9E18740035FB70 /* Release */,
			);
			defaultConfigurationIsVisible = 0;
			defaultConfigurationName = Release;
		};
		81D556D31E9E18740035FB70 /* Build configuration list for PBXNativeTarget "runtime" */ = {
			isa = XCConfigurationList;
			buildConfigurations = (
				81D556D41E9E18740035FB70 /* Debug */,
				81D556D51E9E18740035FB70 /* Release */,
			);
			defaultConfigurationIsVisible = 0;
		};
		81D556D61E9E18740035FB70 /* Build configuration list for PBXNativeTarget "runtimeTests" */ = {
			isa = XCConfigurationList;
			buildConfigurations = (
				81D556D71E9E18740035FB70 /* Debug */,
				81D556D81E9E18740035FB70 /* Release */,
			);
			defaultConfigurationIsVisible = 0;
		};
		81D556D91E9E18740035FB70 /* Build configuration list for PBXNativeTarget "runtimeUITests" */ = {
			isa = XCConfigurationList;
			buildConfigurations = (
				81D556DA1E9E18740035FB70 /* Debug */,
				81D556DB1E9E18740035FB70 /* Release */,
			);
			defaultConfigurationIsVisible = 0;
		};
/* End XCConfigurationList section */
	};
	rootObject = 81D5569E1E9E18730035FB70 /* Project object */;
}
